
Microsoft Visual Studio Solution File, Format Version 12.00
# Visual Studio 15
VisualStudioVersion = 15.0.26124.0
MinimumVisualStudioVersion = 15.0.26124.0
Project("{FAE04EC0-301F-11D3-BF4B-00C04F79EFBC}") = "day1.1", "day1.1\day1.1.csproj", "{E3815B52-DEA7-4235-9B3F-08CD654DD397}"
EndProject
Project("{FAE04EC0-301F-11D3-BF4B-00C04F79EFBC}") = "day1.2", "day1.2\day1.2.csproj", "{83E01CDB-BB9C-4C1B-865F-52A9321A2B6E}"
EndProject
Project("{FAE04EC0-301F-11D3-BF4B-00C04F79EFBC}") = "day2.1", "day2.1\day2.1.csproj", "{B3B230D8-5BE3-4ABF-A1DC-D6F4E46B62E7}"
EndProject
Project("{FAE04EC0-301F-11D3-BF4B-00C04F79EFBC}") = "day2.2", "day2.2\day2.2.csproj", "{354ABBE8-7A97-43CC-8712-6A5008E8A451}"
EndProject
Project("{FAE04EC0-301F-11D3-BF4B-00C04F79EFBC}") = "day3.1", "day3.1\day3.1.csproj", "{C333B1B7-E568-4285-BC7A-AD4D0EA712F6}"
EndProject
Project("{FAE04EC0-301F-11D3-BF4B-00C04F79EFBC}") = "day3.2", "day3.2\day3.2.csproj", "{30C7FCB6-3BF4-43A6-85C9-4708242DAA9F}"
EndProject
Global
	GlobalSection(SolutionConfigurationPlatforms) = preSolution
		Debug|Any CPU = Debug|Any CPU
		Debug|x64 = Debug|x64
		Debug|x86 = Debug|x86
		Release|Any CPU = Release|Any CPU
		Release|x64 = Release|x64
		Release|x86 = Release|x86
	EndGlobalSection
	GlobalSection(SolutionProperties) = preSolution
		HideSolutionNode = FALSE
	EndGlobalSection
	GlobalSection(ProjectConfigurationPlatforms) = postSolution
		{E3815B52-DEA7-4235-9B3F-08CD654DD397}.Debug|Any CPU.ActiveCfg = Debug|Any CPU
		{E3815B52-DEA7-4235-9B3F-08CD654DD397}.Debug|Any CPU.Build.0 = Debug|Any CPU
		{E3815B52-DEA7-4235-9B3F-08CD654DD397}.Debug|x64.ActiveCfg = Debug|Any CPU
		{E3815B52-DEA7-4235-9B3F-08CD654DD397}.Debug|x64.Build.0 = Debug|Any CPU
		{E3815B52-DEA7-4235-9B3F-08CD654DD397}.Debug|x86.ActiveCfg = Debug|Any CPU
		{E3815B52-DEA7-4235-9B3F-08CD654DD397}.Debug|x86.Build.0 = Debug|Any CPU
		{E3815B52-DEA7-4235-9B3F-08CD654DD397}.Release|Any CPU.ActiveCfg = Release|Any CPU
		{E3815B52-DEA7-4235-9B3F-08CD654DD397}.Release|Any CPU.Build.0 = Release|Any CPU
		{E3815B52-DEA7-4235-9B3F-08CD654DD397}.Release|x64.ActiveCfg = Release|Any CPU
		{E3815B52-DEA7-4235-9B3F-08CD654DD397}.Release|x64.Build.0 = Release|Any CPU
		{E3815B52-DEA7-4235-9B3F-08CD654DD397}.Release|x86.ActiveCfg = Release|Any CPU
		{E3815B52-DEA7-4235-9B3F-08CD654DD397}.Release|x86.Build.0 = Release|Any CPU
		{83E01CDB-BB9C-4C1B-865F-52A9321A2B6E}.Debug|Any CPU.ActiveCfg = Debug|Any CPU
		{83E01CDB-BB9C-4C1B-865F-52A9321A2B6E}.Debug|Any CPU.Build.0 = Debug|Any CPU
		{83E01CDB-BB9C-4C1B-865F-52A9321A2B6E}.Debug|x64.ActiveCfg = Debug|Any CPU
		{83E01CDB-BB9C-4C1B-865F-52A9321A2B6E}.Debug|x64.Build.0 = Debug|Any CPU
		{83E01CDB-BB9C-4C1B-865F-52A9321A2B6E}.Debug|x86.ActiveCfg = Debug|Any CPU
		{83E01CDB-BB9C-4C1B-865F-52A9321A2B6E}.Debug|x86.Build.0 = Debug|Any CPU
		{83E01CDB-BB9C-4C1B-865F-52A9321A2B6E}.Release|Any CPU.ActiveCfg = Release|Any CPU
		{83E01CDB-BB9C-4C1B-865F-52A9321A2B6E}.Release|Any CPU.Build.0 = Release|Any CPU
		{83E01CDB-BB9C-4C1B-865F-52A9321A2B6E}.Release|x64.ActiveCfg = Release|Any CPU
		{83E01CDB-BB9C-4C1B-865F-52A9321A2B6E}.Release|x64.Build.0 = Release|Any CPU
		{83E01CDB-BB9C-4C1B-865F-52A9321A2B6E}.Release|x86.ActiveCfg = Release|Any CPU
		{83E01CDB-BB9C-4C1B-865F-52A9321A2B6E}.Release|x86.Build.0 = Release|Any CPU
		{B3B230D8-5BE3-4ABF-A1DC-D6F4E46B62E7}.Debug|Any CPU.ActiveCfg = Debug|Any CPU
		{B3B230D8-5BE3-4ABF-A1DC-D6F4E46B62E7}.Debug|Any CPU.Build.0 = Debug|Any CPU
		{B3B230D8-5BE3-4ABF-A1DC-D6F4E46B62E7}.Debug|x64.ActiveCfg = Debug|Any CPU
		{B3B230D8-5BE3-4ABF-A1DC-D6F4E46B62E7}.Debug|x64.Build.0 = Debug|Any CPU
		{B3B230D8-5BE3-4ABF-A1DC-D6F4E46B62E7}.Debug|x86.ActiveCfg = Debug|Any CPU
		{B3B230D8-5BE3-4ABF-A1DC-D6F4E46B62E7}.Debug|x86.Build.0 = Debug|Any CPU
		{B3B230D8-5BE3-4ABF-A1DC-D6F4E46B62E7}.Release|Any CPU.ActiveCfg = Release|Any CPU
		{B3B230D8-5BE3-4ABF-A1DC-D6F4E46B62E7}.Release|Any CPU.Build.0 = Release|Any CPU
		{B3B230D8-5BE3-4ABF-A1DC-D6F4E46B62E7}.Release|x64.ActiveCfg = Release|Any CPU
		{B3B230D8-5BE3-4ABF-A1DC-D6F4E46B62E7}.Release|x64.Build.0 = Release|Any CPU
		{B3B230D8-5BE3-4ABF-A1DC-D6F4E46B62E7}.Release|x86.ActiveCfg = Release|Any CPU
		{B3B230D8-5BE3-4ABF-A1DC-D6F4E46B62E7}.Release|x86.Build.0 = Release|Any CPU
		{354ABBE8-7A97-43CC-8712-6A5008E8A451}.Debug|Any CPU.ActiveCfg = Debug|Any CPU
		{354ABBE8-7A97-43CC-8712-6A5008E8A451}.Debug|Any CPU.Build.0 = Debug|Any CPU
		{354ABBE8-7A97-43CC-8712-6A5008E8A451}.Debug|x64.ActiveCfg = Debug|Any CPU
		{354ABBE8-7A97-43CC-8712-6A5008E8A451}.Debug|x64.Build.0 = Debug|Any CPU
		{354ABBE8-7A97-43CC-8712-6A5008E8A451}.Debug|x86.ActiveCfg = Debug|Any CPU
		{354ABBE8-7A97-43CC-8712-6A5008E8A451}.Debug|x86.Build.0 = Debug|Any CPU
		{354ABBE8-7A97-43CC-8712-6A5008E8A451}.Release|Any CPU.ActiveCfg = Release|Any CPU
		{354ABBE8-7A97-43CC-8712-6A5008E8A451}.Release|Any CPU.Build.0 = Release|Any CPU
		{354ABBE8-7A97-43CC-8712-6A5008E8A451}.Release|x64.ActiveCfg = Release|Any CPU
		{354ABBE8-7A97-43CC-8712-6A5008E8A451}.Release|x64.Build.0 = Release|Any CPU
		{354ABBE8-7A97-43CC-8712-6A5008E8A451}.Release|x86.ActiveCfg = Release|Any CPU
		{354ABBE8-7A97-43CC-8712-6A5008E8A451}.Release|x86.Build.0 = Release|Any CPU
		{C333B1B7-E568-4285-BC7A-AD4D0EA712F6}.Debug|Any CPU.ActiveCfg = Debug|Any CPU
		{C333B1B7-E568-4285-BC7A-AD4D0EA712F6}.Debug|Any CPU.Build.0 = Debug|Any CPU
		{C333B1B7-E568-4285-BC7A-AD4D0EA712F6}.Debug|x64.ActiveCfg = Debug|Any CPU
		{C333B1B7-E568-4285-BC7A-AD4D0EA712F6}.Debug|x64.Build.0 = Debug|Any CPU
		{C333B1B7-E568-4285-BC7A-AD4D0EA712F6}.Debug|x86.ActiveCfg = Debug|Any CPU
		{C333B1B7-E568-4285-BC7A-AD4D0EA712F6}.Debug|x86.Build.0 = Debug|Any CPU
		{C333B1B7-E568-4285-BC7A-AD4D0EA712F6}.Release|Any CPU.ActiveCfg = Release|Any CPU
		{C333B1B7-E568-4285-BC7A-AD4D0EA712F6}.Release|Any CPU.Build.0 = Release|Any CPU
		{C333B1B7-E568-4285-BC7A-AD4D0EA712F6}.Release|x64.ActiveCfg = Release|Any CPU
		{C333B1B7-E568-4285-BC7A-AD4D0EA712F6}.Release|x64.Build.0 = Release|Any CPU
		{C333B1B7-E568-4285-BC7A-AD4D0EA712F6}.Release|x86.ActiveCfg = Release|Any CPU
		{C333B1B7-E568-4285-BC7A-AD4D0EA712F6}.Release|x86.Build.0 = Release|Any CPU
		{30C7FCB6-3BF4-43A6-85C9-4708242DAA9F}.Debug|Any CPU.ActiveCfg = Debug|Any CPU
		{30C7FCB6-3BF4-43A6-85C9-4708242DAA9F}.Debug|Any CPU.Build.0 = Debug|Any CPU
		{30C7FCB6-3BF4-43A6-85C9-4708242DAA9F}.Debug|x64.ActiveCfg = Debug|Any CPU
		{30C7FCB6-3BF4-43A6-85C9-4708242DAA9F}.Debug|x64.Build.0 = Debug|Any CPU
		{30C7FCB6-3BF4-43A6-85C9-4708242DAA9F}.Debug|x86.ActiveCfg = Debug|Any CPU
		{30C7FCB6-3BF4-43A6-85C9-4708242DAA9F}.Debug|x86.Build.0 = Debug|Any CPU
		{30C7FCB6-3BF4-43A6-85C9-4708242DAA9F}.Release|Any CPU.ActiveCfg = Release|Any CPU
		{30C7FCB6-3BF4-43A6-85C9-4708242DAA9F}.Release|Any CPU.Build.0 = Release|Any CPU
		{30C7FCB6-3BF4-43A6-85C9-4708242DAA9F}.Release|x64.ActiveCfg = Release|Any CPU
		{30C7FCB6-3BF4-43A6-85C9-4708242DAA9F}.Release|x64.Build.0 = Release|Any CPU
		{30C7FCB6-3BF4-43A6-85C9-4708242DAA9F}.Release|x86.ActiveCfg = Release|Any CPU
		{30C7FCB6-3BF4-43A6-85C9-4708242DAA9F}.Release|x86.Build.0 = Release|Any CPU
	EndGlobalSection
EndGlobal
